<?xml version="1.0" encoding="utf-8"?>
<Project ToolsVersion="4.0" xmlns="http://schemas.microsoft.com/developer/msbuild/2003">
  <ItemGroup>
    <ClCompile Include="Defs.cpp">
      <Filter>CPPS</Filter>
    </ClCompile>
    <ClCompile Include="Titania-V2.cpp">
      <Filter>CPPS</Filter>
    </ClCompile>
    <ClCompile Include="Hud.cpp">
      <Filter>CPPS</Filter>
    </ClCompile>
    <ClCompile Include="Shooting.cpp">
      <Filter>CPPS</Filter>
    </ClCompile>
  </ItemGroup>
  <ItemGroup>
    <None Include="ReadMe.txt" />
  </ItemGroup>
  <ItemGroup>
    <Filter Include="CPPS">
      <UniqueIdentifier>{e34d0604-4986-4537-9b78-0f0b8000ccea}</UniqueIdentifier>
    </Filter>
    <Filter Include="Header">
      <UniqueIdentifier>{72312ffd-d4f8-48b6-ab77-2b4bcf75a25d}</UniqueIdentifier>
    </Filter>
  </ItemGroup>
  <ItemGroup>
    <ClInclude Include="Defs.h">
      <Filter>Header</Filter>
    </ClInclude>
    <ClInclude Include="Hud.h">
      <Filter>Header</Filter>
    </ClInclude>
    <ClInclude Include="Shooting.h">
      <Filter>Header</Filter>
    </ClInclude>
  </ItemGroup>
</Project>